
Microsoft Visual Studio Solution File, Format Version 12.00
# Visual Studio Version 17
VisualStudioVersion = 17.4.33213.308
MinimumVisualStudioVersion = 10.0.40219.1
Project("{9A19103F-16F7-4668-BE54-9A1E7A4F7556}") = "MonitoringApp", "src\MonitoringApp\MonitoringApp.csproj", "{A9A9ED4E-0193-41E5-870C-64CCC0068EFA}"
EndProject
Global
	GlobalSection(SolutionConfigurationPlatforms) = preSolution
		Debug|Any CPU = Debug|Any CPU
		Release|Any CPU = Release|Any CPU
	EndGlobalSection
	GlobalSection(ProjectConfigurationPlatforms) = postSolution
		{A9A9ED4E-0193-41E5-870C-64CCC0068EFA}.Debug|Any CPU.ActiveCfg = Debug|Any CPU
		{A9A9ED4E-0193-41E5-870C-64CCC0068EFA}.Debug|Any CPU.Build.0 = Debug|Any CPU
		{A9A9ED4E-0193-41E5-870C-64CCC0068EFA}.Release|Any CPU.ActiveCfg = Release|Any CPU
		{A9A9ED4E-0193-41E5-870C-64CCC0068EFA}.Release|Any CPU.Build.0 = Release|Any CPU
	EndGlobalSection
	GlobalSection(SolutionProperties) = preSolution
		HideSolutionNode = FALSE
	EndGlobalSection
	GlobalSection(ExtensibilityGlobals) = postSolution
		SolutionGuid = {A7BBCD7F-59C4-4A3A-8A8A-73E93116F2AE}
	EndGlobalSection
EndGlobal
